
Microsoft Visual Studio Solution File, Format Version 12.00
# Visual Studio Version 17
VisualStudioVersion = 17.8.34309.116
MinimumVisualStudioVersion = 10.0.40219.1
Project("{FAE04EC0-301F-11D3-BF4B-00C04F79EFBC}") = "HospitalApi", "HospitalApi\HospitalApi.csproj", "{582B6C17-670D-4396-A441-846CCA8ABBE3}"
EndProject
Global
	GlobalSection(SolutionConfigurationPlatforms) = preSolution
		Debug|Any CPU = Debug|Any CPU
		Release|Any CPU = Release|Any CPU
	EndGlobalSection
	GlobalSection(ProjectConfigurationPlatforms) = postSolution
		{582B6C17-670D-4396-A441-846CCA8ABBE3}.Debug|Any CPU.ActiveCfg = Debug|Any CPU
		{582B6C17-670D-4396-A441-846CCA8ABBE3}.Debug|Any CPU.Build.0 = Debug|Any CPU
		{582B6C17-670D-4396-A441-846CCA8ABBE3}.Release|Any CPU.ActiveCfg = Release|Any CPU
		{582B6C17-670D-4396-A441-846CCA8ABBE3}.Release|Any CPU.Build.0 = Release|Any CPU
	EndGlobalSection
	GlobalSection(SolutionProperties) = preSolution
		HideSolutionNode = FALSE
	EndGlobalSection
	GlobalSection(ExtensibilityGlobals) = postSolution
		SolutionGuid = {2F5D56CC-B93E-433B-BD0B-B89EEFE2374B}
	EndGlobalSection
EndGlobal
